
Microsoft Visual Studio Solution File, Format Version 11.00
# Visual Studio 2010
Project("{FAE04EC0-301F-11D3-BF4B-00C04F79EFBC}") = "_excludegen", "_excludegen\_excludegen.csproj", "{78101C01-E186-4954-B1DD-DEBB7905FAD8}"
EndProject
Global
	GlobalSection(SolutionConfigurationPlatforms) = preSolution
		Debug|Any CPU = Debug|Any CPU
		Release|Any CPU = Release|Any CPU
	EndGlobalSection
	GlobalSection(ProjectConfigurationPlatforms) = postSolution
		{78101C01-E186-4954-B1DD-DEBB7905FAD8}.Debug|Any CPU.ActiveCfg = Debug|Any CPU
		{78101C01-E186-4954-B1DD-DEBB7905FAD8}.Debug|Any CPU.Build.0 = Debug|Any CPU
		{78101C01-E186-4954-B1DD-DEBB7905FAD8}.Release|Any CPU.ActiveCfg = Release|Any CPU
		{78101C01-E186-4954-B1DD-DEBB7905FAD8}.Release|Any CPU.Build.0 = Release|Any CPU
	EndGlobalSection
	GlobalSection(MonoDevelopProperties) = preSolution
		StartupItem = _excludegen\_excludegen.csproj
		Policies = $0
		$0.DotNetNamingPolicy = $1
		$1.DirectoryNamespaceAssociation = None
		$1.ResourceNamePolicy = FileFormatDefault
		version = 1.0
	EndGlobalSection
	GlobalSection(SolutionProperties) = preSolution
		HideSolutionNode = FALSE
	EndGlobalSection
EndGlobal
